// !$*UTF8*$!
{
	archiveVersion = 1;
	classes = {
	};
	objectVersion = 56;
	objects = {

/* Begin PBXBuildFile section */
		9915CAB329C7DD1C00EF0359 /* SettingsViewController.swift in Sources */ = {isa = PBXBuildFile; fileRef = 9915CAB229C7DD1C00EF0359 /* SettingsViewController.swift */; };
		9915CAB529C7E25400EF0359 /* SettingsManager.swift in Sources */ = {isa = PBXBuildFile; fileRef = 9915CAB429C7E25400EF0359 /* SettingsManager.swift */; };
		991CEC0629999E2A0095F025 /* KeyboardCell.swift in Sources */ = {isa = PBXBuildFile; fileRef = 991CEC0529999E2A0095F025 /* KeyboardCell.swift */; };
		991CEC0829999ECD0095F025 /* KeyboardController.swift in Sources */ = {isa = PBXBuildFile; fileRef = 991CEC0729999ECD0095F025 /* KeyboardController.swift */; };
		9953C05529A40AC700247C5B /* BoardController.swift in Sources */ = {isa = PBXBuildFile; fileRef = 9953C05429A40AC700247C5B /* BoardController.swift */; };
		9953C05729A422C200247C5B /* WordGenerator.swift in Sources */ = {isa = PBXBuildFile; fileRef = 9953C05629A422C200247C5B /* WordGenerator.swift */; };
		996B84A8299990A900133037 /* AppDelegate.swift in Sources */ = {isa = PBXBuildFile; fileRef = 996B84A7299990A900133037 /* AppDelegate.swift */; };
		996B84AA299990A900133037 /* SceneDelegate.swift in Sources */ = {isa = PBXBuildFile; fileRef = 996B84A9299990A900133037 /* SceneDelegate.swift */; };
		996B84AC299990A900133037 /* ViewController.swift in Sources */ = {isa = PBXBuildFile; fileRef = 996B84AB299990A900133037 /* ViewController.swift */; };
		996B84AF299990A900133037 /* Main.storyboard in Resources */ = {isa = PBXBuildFile; fileRef = 996B84AD299990A900133037 /* Main.storyboard */; };
		996B84B1299990AA00133037 /* Assets.xcassets in Resources */ = {isa = PBXBuildFile; fileRef = 996B84B0299990AA00133037 /* Assets.xcassets */; };
		996B84B4299990AA00133037 /* LaunchScreen.storyboard in Resources */ = {isa = PBXBuildFile; fileRef = 996B84B2299990AA00133037 /* LaunchScreen.storyboard */; };
		996B84BF299990AA00133037 /* WordleTests.swift in Sources */ = {isa = PBXBuildFile; fileRef = 996B84BE299990AA00133037 /* WordleTests.swift */; };
		996B84C9299990AA00133037 /* WordleUITests.swift in Sources */ = {isa = PBXBuildFile; fileRef = 996B84C8299990AA00133037 /* WordleUITests.swift */; };
		996B84CB299990AA00133037 /* WordleUITestsLaunchTests.swift in Sources */ = {isa = PBXBuildFile; fileRef = 996B84CA299990AA00133037 /* WordleUITestsLaunchTests.swift */; };
		996B84D8299994A300133037 /* LetterCell.swift in Sources */ = {isa = PBXBuildFile; fileRef = 996B84D7299994A300133037 /* LetterCell.swift */; };
		99CF2AA629B0157B00B4973F /* KeyboardController+Extensions.swift in Sources */ = {isa = PBXBuildFile; fileRef = 99CF2AA529B0157B00B4973F /* KeyboardController+Extensions.swift */; };
		99CF2AA829B0168700B4973F /* Constants.swift in Sources */ = {isa = PBXBuildFile; fileRef = 99CF2AA729B0168700B4973F /* Constants.swift */; };
		99CF2AAA29B0172800B4973F /* BoardController+Extensions.swift in Sources */ = {isa = PBXBuildFile; fileRef = 99CF2AA929B0172800B4973F /* BoardController+Extensions.swift */; };
		99CF2AAC29B0198D00B4973F /* ViewController+Extensions.swift in Sources */ = {isa = PBXBuildFile; fileRef = 99CF2AAB29B0198D00B4973F /* ViewController+Extensions.swift */; };
/* End PBXBuildFile section */

/* Begin PBXContainerItemProxy section */
		996B84BB299990AA00133037 /* PBXContainerItemProxy */ = {
			isa = PBXContainerItemProxy;
			containerPortal = 996B849C299990A900133037 /* Project object */;
			proxyType = 1;
			remoteGlobalIDString = 996B84A3299990A900133037;
			remoteInfo = Wordle;
		};
		996B84C5299990AA00133037 /* PBXContainerItemProxy */ = {
			isa = PBXContainerItemProxy;
			containerPortal = 996B849C299990A900133037 /* Project object */;
			proxyType = 1;
			remoteGlobalIDString = 996B84A3299990A900133037;
			remoteInfo = Wordle;
		};
/* End PBXContainerItemProxy section */

/* Begin PBXFileReference section */
		9915CAB229C7DD1C00EF0359 /* SettingsViewController.swift */ = {isa = PBXFileReference; lastKnownFileType = sourcecode.swift; path = SettingsViewController.swift; sourceTree = "<group>"; };
		9915CAB429C7E25400EF0359 /* SettingsManager.swift */ = {isa = PBXFileReference; lastKnownFileType = sourcecode.swift; path = SettingsManager.swift; sourceTree = "<group>"; };
		991CEC0529999E2A0095F025 /* KeyboardCell.swift */ = {isa = PBXFileReference; lastKnownFileType = sourcecode.swift; path = KeyboardCell.swift; sourceTree = "<group>"; };
		991CEC0729999ECD0095F025 /* KeyboardController.swift */ = {isa = PBXFileReference; lastKnownFileType = sourcecode.swift; path = KeyboardController.swift; sourceTree = "<group>"; };
		9953C05429A40AC700247C5B /* BoardController.swift */ = {isa = PBXFileReference; lastKnownFileType = sourcecode.swift; path = BoardController.swift; sourceTree = "<group>"; };
		9953C05629A422C200247C5B /* WordGenerator.swift */ = {isa = PBXFileReference; lastKnownFileType = sourcecode.swift; path = WordGenerator.swift; sourceTree = "<group>"; };
		996B84A4299990A900133037 /* Wordle.app */ = {isa = PBXFileReference; explicitFileType = wrapper.application; includeInIndex = 0; path = Wordle.app; sourceTree = BUILT_PRODUCTS_DIR; };
		996B84A7299990A900133037 /* AppDelegate.swift */ = {isa = PBXFileReference; lastKnownFileType = sourcecode.swift; path = AppDelegate.swift; sourceTree = "<group>"; };
		996B84A9299990A900133037 /* SceneDelegate.swift */ = {isa = PBXFileReference; lastKnownFileType = sourcecode.swift; path = SceneDelegate.swift; sourceTree = "<group>"; };
		996B84AB299990A900133037 /* ViewController.swift */ = {isa = PBXFileReference; lastKnownFileType = sourcecode.swift; path = ViewController.swift; sourceTree = "<group>"; };
		996B84AE299990A900133037 /* Base */ = {isa = PBXFileReference; lastKnownFileType = file.storyboard; name = Base; path = Base.lproj/Main.storyboard; sourceTree = "<group>"; };
		996B84B0299990AA00133037 /* Assets.xcassets */ = {isa = PBXFileReference; lastKnownFileType = folder.assetcatalog; path = Assets.xcassets; sourceTree = "<group>"; };
		996B84B3299990AA00133037 /* Base */ = {isa = PBXFileReference; lastKnownFileType = file.storyboard; name = Base; path = Base.lproj/LaunchScreen.storyboard; sourceTree = "<group>"; };
		996B84B5299990AA00133037 /* Info.plist */ = {isa = PBXFileReference; lastKnownFileType = text.plist.xml; path = Info.plist; sourceTree = "<group>"; };
		996B84BA299990AA00133037 /* WordleTests.xctest */ = {isa = PBXFileReference; explicitFileType = wrapper.cfbundle; includeInIndex = 0; path = WordleTests.xctest; sourceTree = BUILT_PRODUCTS_DIR; };
		996B84BE299990AA00133037 /* WordleTests.swift */ = {isa = PBXFileReference; lastKnownFileType = sourcecode.swift; path = WordleTests.swift; sourceTree = "<group>"; };
		996B84C4299990AA00133037 /* WordleUITests.xctest */ = {isa = PBXFileReference; explicitFileType = wrapper.cfbundle; includeInIndex = 0; path = WordleUITests.xctest; sourceTree = BUILT_PRODUCTS_DIR; };
		996B84C8299990AA00133037 /* WordleUITests.swift */ = {isa = PBXFileReference; lastKnownFileType = sourcecode.swift; path = WordleUITests.swift; sourceTree = "<group>"; };
		996B84CA299990AA00133037 /* WordleUITestsLaunchTests.swift */ = {isa = PBXFileReference; lastKnownFileType = sourcecode.swift; path = WordleUITestsLaunchTests.swift; sourceTree = "<group>"; };
		996B84D7299994A300133037 /* LetterCell.swift */ = {isa = PBXFileReference; lastKnownFileType = sourcecode.swift; path = LetterCell.swift; sourceTree = "<group>"; };
		99CF2AA529B0157B00B4973F /* KeyboardController+Extensions.swift */ = {isa = PBXFileReference; lastKnownFileType = sourcecode.swift; path = "KeyboardController+Extensions.swift"; sourceTree = "<group>"; };
		99CF2AA729B0168700B4973F /* Constants.swift */ = {isa = PBXFileReference; lastKnownFileType = sourcecode.swift; path = Constants.swift; sourceTree = "<group>"; };
		99CF2AA929B0172800B4973F /* BoardController+Extensions.swift */ = {isa = PBXFileReference; lastKnownFileType = sourcecode.swift; path = "BoardController+Extensions.swift"; sourceTree = "<group>"; };
		99CF2AAB29B0198D00B4973F /* ViewController+Extensions.swift */ = {isa = PBXFileReference; lastKnownFileType = sourcecode.swift; path = "ViewController+Extensions.swift"; sourceTree = "<group>"; };
/* End PBXFileReference section */

/* Begin PBXFrameworksBuildPhase section */
		996B84A1299990A900133037 /* Frameworks */ = {
			isa = PBXFrameworksBuildPhase;
			buildActionMask = 2147483647;
			files = (
			);
			runOnlyForDeploymentPostprocessing = 0;
		};
		996B84B7299990AA00133037 /* Frameworks */ = {
			isa = PBXFrameworksBuildPhase;
			buildActionMask = 2147483647;
			files = (
			);
			runOnlyForDeploymentPostprocessing = 0;
		};
		996B84C1299990AA00133037 /* Frameworks */ = {
			isa = PBXFrameworksBuildPhase;
			buildActionMask = 2147483647;
			files = (
			);
			runOnlyForDeploymentPostprocessing = 0;
		};
/* End PBXFrameworksBuildPhase section */

/* Begin PBXGroup section */
		996B849B299990A900133037 = {
			isa = PBXGroup;
			children = (
				996B84A6299990A900133037 /* Wordle */,
				996B84BD299990AA00133037 /* WordleTests */,
				996B84C7299990AA00133037 /* WordleUITests */,
				996B84A5299990A900133037 /* Products */,
			);
			sourceTree = "<group>";
		};
		996B84A5299990A900133037 /* Products */ = {
			isa = PBXGroup;
			children = (
				996B84A4299990A900133037 /* Wordle.app */,
				996B84BA299990AA00133037 /* WordleTests.xctest */,
				996B84C4299990AA00133037 /* WordleUITests.xctest */,
			);
			name = Products;
			sourceTree = "<group>";
		};
		996B84A6299990A900133037 /* Wordle */ = {
			isa = PBXGroup;
			children = (
				9953C05429A40AC700247C5B /* BoardController.swift */,
				996B84AB299990A900133037 /* ViewController.swift */,
				996B84B5299990AA00133037 /* Info.plist */,
				99CF2AA429B0156100B4973F /* DO_NOT_MODIFY */,
			);
			path = Wordle;
			sourceTree = "<group>";
		};
		996B84BD299990AA00133037 /* WordleTests */ = {
			isa = PBXGroup;
			children = (
				996B84BE299990AA00133037 /* WordleTests.swift */,
			);
			path = WordleTests;
			sourceTree = "<group>";
		};
		996B84C7299990AA00133037 /* WordleUITests */ = {
			isa = PBXGroup;
			children = (
				996B84C8299990AA00133037 /* WordleUITests.swift */,
				996B84CA299990AA00133037 /* WordleUITestsLaunchTests.swift */,
			);
			path = WordleUITests;
			sourceTree = "<group>";
		};
		99CF2AA429B0156100B4973F /* DO_NOT_MODIFY */ = {
			isa = PBXGroup;
			children = (
				996B84B2299990AA00133037 /* LaunchScreen.storyboard */,
				996B84B0299990AA00133037 /* Assets.xcassets */,
				996B84AD299990A900133037 /* Main.storyboard */,
				99CF2AA729B0168700B4973F /* Constants.swift */,
				996B84D7299994A300133037 /* LetterCell.swift */,
				9915CAB429C7E25400EF0359 /* SettingsManager.swift */,
				9953C05629A422C200247C5B /* WordGenerator.swift */,
				991CEC0529999E2A0095F025 /* KeyboardCell.swift */,
				991CEC0729999ECD0095F025 /* KeyboardController.swift */,
				9915CAB229C7DD1C00EF0359 /* SettingsViewController.swift */,
				996B84A7299990A900133037 /* AppDelegate.swift */,
				99CF2AA929B0172800B4973F /* BoardController+Extensions.swift */,
				99CF2AAB29B0198D00B4973F /* ViewController+Extensions.swift */,
				996B84A9299990A900133037 /* SceneDelegate.swift */,
				99CF2AA529B0157B00B4973F /* KeyboardController+Extensions.swift */,
			);
			path = DO_NOT_MODIFY;
			sourceTree = "<group>";
		};
/* End PBXGroup section */

/* Begin PBXNativeTarget section */
		996B84A3299990A900133037 /* Wordle */ = {
			isa = PBXNativeTarget;
			buildConfigurationList = 996B84CE299990AA00133037 /* Build configuration list for PBXNativeTarget "Wordle" */;
			buildPhases = (
				996B84A0299990A900133037 /* Sources */,
				996B84A1299990A900133037 /* Frameworks */,
				996B84A2299990A900133037 /* Resources */,
			);
			buildRules = (
			);
			dependencies = (
			);
			name = Wordle;
			productName = Wordle;
			productReference = 996B84A4299990A900133037 /* Wordle.app */;
			productType = "com.apple.product-type.application";
		};
		996B84B9299990AA00133037 /* WordleTests */ = {
			isa = PBXNativeTarget;
			buildConfigurationList = 996B84D1299990AA00133037 /* Build configuration list for PBXNativeTarget "WordleTests" */;
			buildPhases = (
				996B84B6299990AA00133037 /* Sources */,
				996B84B7299990AA00133037 /* Frameworks */,
				996B84B8299990AA00133037 /* Resources */,
			);
			buildRules = (
			);
			dependencies = (
				996B84BC299990AA00133037 /* PBXTargetDependency */,
			);
			name = WordleTests;
			productName = WordleTests;
			productReference = 996B84BA299990AA00133037 /* WordleTests.xctest */;
			productType = "com.apple.product-type.bundle.unit-test";
		};
		996B84C3299990AA00133037 /* WordleUITests */ = {
			isa = PBXNativeTarget;
			buildConfigurationList = 996B84D4299990AA00133037 /* Build configuration list for PBXNativeTarget "WordleUITests" */;
			buildPhases = (
				996B84C0299990AA00133037 /* Sources */,
				996B84C1299990AA00133037 /* Frameworks */,
				996B84C2299990AA00133037 /* Resources */,
			);
			buildRules = (
			);
			dependencies = (
				996B84C6299990AA00133037 /* PBXTargetDependency */,
			);
			name = WordleUITests;
			productName = WordleUITests;
			productReference = 996B84C4299990AA00133037 /* WordleUITests.xctest */;
			productType = "com.apple.product-type.bundle.ui-testing";
		};
/* End PBXNativeTarget section */

/* Begin PBXProject section */
		996B849C299990A900133037 /* Project object */ = {
			isa = PBXProject;
			attributes = {
				BuildIndependentTargetsInParallel = 1;
				LastSwiftUpdateCheck = 1410;
				LastUpgradeCheck = 1410;
				TargetAttributes = {
					996B84A3299990A900133037 = {
						CreatedOnToolsVersion = 14.1;
					};
					996B84B9299990AA00133037 = {
						CreatedOnToolsVersion = 14.1;
						TestTargetID = 996B84A3299990A900133037;
					};
					996B84C3299990AA00133037 = {
						CreatedOnToolsVersion = 14.1;
						TestTargetID = 996B84A3299990A900133037;
					};
				};
			};
			buildConfigurationList = 996B849F299990A900133037 /* Build configuration list for PBXProject "Wordle" */;
			compatibilityVersion = "Xcode 14.0";
			developmentRegion = en;
			hasScannedForEncodings = 0;
			knownRegions = (
				en,
				Base,
			);
			mainGroup = 996B849B299990A900133037;
			productRefGroup = 996B84A5299990A900133037 /* Products */;
			projectDirPath = "";
			projectRoot = "";
			targets = (
				996B84A3299990A900133037 /* Wordle */,
				996B84B9299990AA00133037 /* WordleTests */,
				996B84C3299990AA00133037 /* WordleUITests */,
			);
		};
/* End PBXProject section */

/* Begin PBXResourcesBuildPhase section */
		996B84A2299990A900133037 /* Resources */ = {
			isa = PBXResourcesBuildPhase;
			buildActionMask = 2147483647;
			files = (
				996B84B4299990AA00133037 /* LaunchScreen.storyboard in Resources */,
				996B84B1299990AA00133037 /* Assets.xcassets in Resources */,
				996B84AF299990A900133037 /* Main.storyboard in Resources */,
			);
			runOnlyForDeploymentPostprocessing = 0;
		};
		996B84B8299990AA00133037 /* Resources */ = {
			isa = PBXResourcesBuildPhase;
			buildActionMask = 2147483647;
			files = (
			);
			runOnlyForDeploymentPostprocessing = 0;
		};
		996B84C2299990AA00133037 /* Resources */ = {
			isa = PBXResourcesBuildPhase;
			buildActionMask = 2147483647;
			files = (
			);
			runOnlyForDeploymentPostprocessing = 0;
		};
/* End PBXResourcesBuildPhase section */

/* Begin PBXSourcesBuildPhase section */
		996B84A0299990A900133037 /* Sources */ = {
			isa = PBXSourcesBuildPhase;
			buildActionMask = 2147483647;
			files = (
				996B84AC299990A900133037 /* ViewController.swift in Sources */,
				99CF2AAA29B0172800B4973F /* BoardController+Extensions.swift in Sources */,
				9953C05729A422C200247C5B /* WordGenerator.swift in Sources */,
				991CEC0829999ECD0095F025 /* KeyboardController.swift in Sources */,
				99CF2AAC29B0198D00B4973F /* ViewController+Extensions.swift in Sources */,
				9953C05529A40AC700247C5B /* BoardController.swift in Sources */,
				996B84A8299990A900133037 /* AppDelegate.swift in Sources */,
				99CF2AA829B0168700B4973F /* Constants.swift in Sources */,
				991CEC0629999E2A0095F025 /* KeyboardCell.swift in Sources */,
				996B84AA299990A900133037 /* SceneDelegate.swift in Sources */,
				9915CAB529C7E25400EF0359 /* SettingsManager.swift in Sources */,
				9915CAB329C7DD1C00EF0359 /* SettingsViewController.swift in Sources */,
				99CF2AA629B0157B00B4973F /* KeyboardController+Extensions.swift in Sources */,
				996B84D8299994A300133037 /* LetterCell.swift in Sources */,
			);
			runOnlyForDeploymentPostprocessing = 0;
		};
		996B84B6299990AA00133037 /* Sources */ = {
			isa = PBXSourcesBuildPhase;
			buildActionMask = 2147483647;
			files = (
				996B84BF299990AA00133037 /* WordleTests.swift in Sources */,
			);
			runOnlyForDeploymentPostprocessing = 0;
		};
		996B84C0299990AA00133037 /* Sources */ = {
			isa = PBXSourcesBuildPhase;
			buildActionMask = 2147483647;
			files = (
				996B84C9299990AA00133037 /* WordleUITests.swift in Sources */,
				996B84CB299990AA00133037 /* WordleUITestsLaunchTests.swift in Sources */,
			);
			runOnlyForDeploymentPostprocessing = 0;
		};
/* End PBXSourcesBuildPhase section */

/* Begin PBXTargetDependency section */
		996B84BC299990AA00133037 /* PBXTargetDependency */ = {
			isa = PBXTargetDependency;
			target = 996B84A3299990A900133037 /* Wordle */;
			targetProxy = 996B84BB299990AA00133037 /* PBXContainerItemProxy */;
		};
		996B84C6299990AA00133037 /* PBXTargetDependency */ = {
			isa = PBXTargetDependency;
			target = 996B84A3299990A900133037 /* Wordle */;
			targetProxy = 996B84C5299990AA00133037 /* PBXContainerItemProxy */;
		};
/* End PBXTargetDependency section */

/* Begin PBXVariantGroup section */
		996B84AD299990A900133037 /* Main.storyboard */ = {
			isa = PBXVariantGroup;
			children = (
				996B84AE299990A900133037 /* Base */,
			);
			name = Main.storyboard;
			sourceTree = "<group>";
		};
		996B84B2299990AA00133037 /* LaunchScreen.storyboard */ = {
			isa = PBXVariantGroup;
			children = (
				996B84B3299990AA00133037 /* Base */,
			);
			name = LaunchScreen.storyboard;
			sourceTree = "<group>";
		};
/* End PBXVariantGroup section */

/* Begin XCBuildConfiguration section */
		996B84CC299990AA00133037 /* Debug */ = {
			isa = XCBuildConfiguration;
			buildSettings = {
				ALWAYS_SEARCH_USER_PATHS = NO;
				CLANG_ANALYZER_NONNULL = YES;
				CLANG_ANALYZER_NUMBER_OBJECT_CONVERSION = YES_AGGRESSIVE;
				CLANG_CXX_LANGUAGE_STANDARD = "gnu++20";
				CLANG_ENABLE_MODULES = YES;
				CLANG_ENABLE_OBJC_ARC = YES;
				CLANG_ENABLE_OBJC_WEAK = YES;
				CLANG_WARN_BLOCK_CAPTURE_AUTORELEASING = YES;
				CLANG_WARN_BOOL_CONVERSION = YES;
				CLANG_WARN_COMMA = YES;
				CLANG_WARN_CONSTANT_CONVERSION = YES;
				CLANG_WARN_DEPRECATED_OBJC_IMPLEMENTATIONS = YES;
				CLANG_WARN_DIRECT_OBJC_ISA_USAGE = YES_ERROR;
				CLANG_WARN_DOCUMENTATION_COMMENTS = YES;
				CLANG_WARN_EMPTY_BODY = YES;
				CLANG_WARN_ENUM_CONVERSION = YES;
				CLANG_WARN_INFINITE_RECURSION = YES;
				CLANG_WARN_INT_CONVERSION = YES;
				CLANG_WARN_NON_LITERAL_NULL_CONVERSION = YES;
				CLANG_WARN_OBJC_IMPLICIT_RETAIN_SELF = YES;
				CLANG_WARN_OBJC_LITERAL_CONVERSION = YES;
				CLANG_WARN_OBJC_ROOT_CLASS = YES_ERROR;
				CLANG_WARN_QUOTED_INCLUDE_IN_FRAMEWORK_HEADER = YES;
				CLANG_WARN_RANGE_LOOP_ANALYSIS = YES;
				CLANG_WARN_STRICT_PROTOTYPES = YES;
				CLANG_WARN_SUSPICIOUS_MOVE = YES;
				CLANG_WARN_UNGUARDED_AVAILABILITY = YES_AGGRESSIVE;
				CLANG_WARN_UNREACHABLE_CODE = YES;
				CLANG_WARN__DUPLICATE_METHOD_MATCH = YES;
				COPY_PHASE_STRIP = NO;
				DEBUG_INFORMATION_FORMAT = dwarf;
				ENABLE_STRICT_OBJC_MSGSEND = YES;
				ENABLE_TESTABILITY = YES;
				GCC_C_LANGUAGE_STANDARD = gnu11;
				GCC_DYNAMIC_NO_PIC = NO;
				GCC_NO_COMMON_BLOCKS = YES;
				GCC_OPTIMIZATION_LEVEL = 0;
				GCC_PREPROCESSOR_DEFINITIONS = (
					"DEBUG=1",
					"$(inherited)",
				);
				GCC_WARN_64_TO_32_BIT_CONVERSION = YES;
				GCC_WARN_ABOUT_RETURN_TYPE = YES_ERROR;
				GCC_WARN_UNDECLARED_SELECTOR = YES;
				GCC_WARN_UNINITIALIZED_AUTOS = YES_AGGRESSIVE;
				GCC_WARN_UNUSED_FUNCTION = YES;
				GCC_WARN_UNUSED_VARIABLE = YES;
				IPHONEOS_DEPLOYMENT_TARGET = 16.1;
				MTL_ENABLE_DEBUG_INFO = INCLUDE_SOURCE;
				MTL_FAST_MATH = YES;
				ONLY_ACTIVE_ARCH = YES;
				SDKROOT = iphoneos;
				SWIFT_ACTIVE_COMPILATION_CONDITIONS = DEBUG;
				SWIFT_OPTIMIZATION_LEVEL = "-Onone";
			};
			name = Debug;
		};
		996B84CD299990AA00133037 /* Release */ = {
			isa = XCBuildConfiguration;
			buildSettings = {
				ALWAYS_SEARCH_USER_PATHS = NO;
				CLANG_ANALYZER_NONNULL = YES;
				CLANG_ANALYZER_NUMBER_OBJECT_CONVERSION = YES_AGGRESSIVE;
				CLANG_CXX_LANGUAGE_STANDARD = "gnu++20";
				CLANG_ENABLE_MODULES = YES;
				CLANG_ENABLE_OBJC_ARC = YES;
				CLANG_ENABLE_OBJC_WEAK = YES;
				CLANG_WARN_BLOCK_CAPTURE_AUTORELEASING = YES;
				CLANG_WARN_BOOL_CONVERSION = YES;
				CLANG_WARN_COMMA = YES;
				CLANG_WARN_CONSTANT_CONVERSION = YES;
				CLANG_WARN_DEPRECATED_OBJC_IMPLEMENTATIONS = YES;
				CLANG_WARN_DIRECT_OBJC_ISA_USAGE = YES_ERROR;
				CLANG_WARN_DOCUMENTATION_COMMENTS = YES;
				CLANG_WARN_EMPTY_BODY = YES;
				CLANG_WARN_ENUM_CONVERSION = YES;
				CLANG_WARN_INFINITE_RECURSION = YES;
				CLANG_WARN_INT_CONVERSION = YES;
				CLANG_WARN_NON_LITERAL_NULL_CONVERSION = YES;
				CLANG_WARN_OBJC_IMPLICIT_RETAIN_SELF = YES;
				CLANG_WARN_OBJC_LITERAL_CONVERSION = YES;
				CLANG_WARN_OBJC_ROOT_CLASS = YES_ERROR;
				CLANG_WARN_QUOTED_INCLUDE_IN_FRAMEWORK_HEADER = YES;
				CLANG_WARN_RANGE_LOOP_ANALYSIS = YES;
				CLANG_WARN_STRICT_PROTOTYPES = YES;
				CLANG_WARN_SUSPICIOUS_MOVE = YES;
				CLANG_WARN_UNGUARDED_AVAILABILITY = YES_AGGRESSIVE;
				CLANG_WARN_UNREACHABLE_CODE = YES;
				CLANG_WARN__DUPLICATE_METHOD_MATCH = YES;
				COPY_PHASE_STRIP = NO;
				DEBUG_INFORMATION_FORMAT = "dwarf-with-dsym";
				ENABLE_NS_ASSERTIONS = NO;
				ENABLE_STRICT_OBJC_MSGSEND = YES;
				GCC_C_LANGUAGE_STANDARD = gnu11;
				GCC_NO_COMMON_BLOCKS = YES;
				GCC_WARN_64_TO_32_BIT_CONVERSION = YES;
				GCC_WARN_ABOUT_RETURN_TYPE = YES_ERROR;
				GCC_WARN_UNDECLARED_SELECTOR = YES;
				GCC_WARN_UNINITIALIZED_AUTOS = YES_AGGRESSIVE;
				GCC_WARN_UNUSED_FUNCTION = YES;
				GCC_WARN_UNUSED_VARIABLE = YES;
				IPHONEOS_DEPLOYMENT_TARGET = 16.1;
				MTL_ENABLE_DEBUG_INFO = NO;
				MTL_FAST_MATH = YES;
				SDKROOT = iphoneos;
				SWIFT_COMPILATION_MODE = wholemodule;
				SWIFT_OPTIMIZATION_LEVEL = "-O";
				VALIDATE_PRODUCT = YES;
			};
			name = Release;
		};
		996B84CF299990AA00133037 /* Debug */ = {
			isa = XCBuildConfiguration;
			buildSettings = {
				ASSETCATALOG_COMPILER_APPICON_NAME = AppIcon;
				ASSETCATALOG_COMPILER_GLOBAL_ACCENT_COLOR_NAME = AccentColor;
				CODE_SIGN_STYLE = Automatic;
				CURRENT_PROJECT_VERSION = 1;
				GENERATE_INFOPLIST_FILE = YES;
				INFOPLIST_FILE = Wordle/Info.plist;
				INFOPLIST_KEY_UIApplicationSupportsIndirectInputEvents = YES;
				INFOPLIST_KEY_UILaunchStoryboardName = LaunchScreen;
				INFOPLIST_KEY_UIMainStoryboardFile = Main;
				INFOPLIST_KEY_UISupportedInterfaceOrientations_iPad = "UIInterfaceOrientationPortrait UIInterfaceOrientationPortraitUpsideDown UIInterfaceOrientationLandscapeLeft UIInterfaceOrientationLandscapeRight";
				INFOPLIST_KEY_UISupportedInterfaceOrientations_iPhone = "UIInterfaceOrientationPortrait UIInterfaceOrientationLandscapeLeft UIInterfaceOrientationLandscapeRight";
				LD_RUNPATH_SEARCH_PATHS = (
					"$(inherited)",
					"@executable_path/Frameworks",
				);
				MARKETING_VERSION = 1.0;
				PRODUCT_BUNDLE_IDENTIFIER = Mari.Wordle;
				PRODUCT_NAME = "$(TARGET_NAME)";
				SWIFT_EMIT_LOC_STRINGS = YES;
				SWIFT_VERSION = 5.0;
				TARGETED_DEVICE_FAMILY = "1,2";
			};
			name = Debug;
		};
		996B84D0299990AA00133037 /* Release */ = {
			isa = XCBuildConfiguration;
			buildSettings = {
				ASSETCATALOG_COMPILER_APPICON_NAME = AppIcon;
				ASSETCATALOG_COMPILER_GLOBAL_ACCENT_COLOR_NAME = AccentColor;
				CODE_SIGN_STYLE = Automatic;
				CURRENT_PROJECT_VERSION = 1;
				GENERATE_INFOPLIST_FILE = YES;
				INFOPLIST_FILE = Wordle/Info.plist;
				INFOPLIST_KEY_UIApplicationSupportsIndirectInputEvents = YES;
				INFOPLIST_KEY_UILaunchStoryboardName = LaunchScreen;
				INFOPLIST_KEY_UIMainStoryboardFile = Main;
				INFOPLIST_KEY_UISupportedInterfaceOrientations_iPad = "UIInterfaceOrientationPortrait UIInterfaceOrientationPortraitUpsideDown UIInterfaceOrientationLandscapeLeft UIInterfaceOrientationLandscapeRight";
				INFOPLIST_KEY_UISupportedInterfaceOrientations_iPhone = "UIInterfaceOrientationPortrait UIInterfaceOrientationLandscapeLeft UIInterfaceOrientationLandscapeRight";
				LD_RUNPATH_SEARCH_PATHS = (
					"$(inherited)",
					"@executable_path/Frameworks",
				);
				MARKETING_VERSION = 1.0;
				PRODUCT_BUNDLE_IDENTIFIER = Mari.Wordle;
				PRODUCT_NAME = "$(TARGET_NAME)";
				SWIFT_EMIT_LOC_STRINGS = YES;
				SWIFT_VERSION = 5.0;
				TARGETED_DEVICE_FAMILY = "1,2";
			};
			name = Release;
		};
		996B84D2299990AA00133037 /* Debug */ = {
			isa = XCBuildConfiguration;
			buildSettings = {
				ALWAYS_EMBED_SWIFT_STANDARD_LIBRARIES = YES;
				BUNDLE_LOADER = "$(TEST_HOST)";
				CODE_SIGN_STYLE = Automatic;
				CURRENT_PROJECT_VERSION = 1;
				GENERATE_INFOPLIST_FILE = YES;
				IPHONEOS_DEPLOYMENT_TARGET = 16.1;
				MARKETING_VERSION = 1.0;
				PRODUCT_BUNDLE_IDENTIFIER = Mari.WordleTests;
				PRODUCT_NAME = "$(TARGET_NAME)";
				SWIFT_EMIT_LOC_STRINGS = NO;
				SWIFT_VERSION = 5.0;
				TARGETED_DEVICE_FAMILY = "1,2";
				TEST_HOST = "$(BUILT_PRODUCTS_DIR)/Wordle.app/$(BUNDLE_EXECUTABLE_FOLDER_PATH)/Wordle";
			};
			name = Debug;
		};
		996B84D3299990AA00133037 /* Release */ = {
			isa = XCBuildConfiguration;
			buildSettings = {
				ALWAYS_EMBED_SWIFT_STANDARD_LIBRARIES = YES;
				BUNDLE_LOADER = "$(TEST_HOST)";
				CODE_SIGN_STYLE = Automatic;
				CURRENT_PROJECT_VERSION = 1;
				GENERATE_INFOPLIST_FILE = YES;
				IPHONEOS_DEPLOYMENT_TARGET = 16.1;
				MARKETING_VERSION = 1.0;
				PRODUCT_BUNDLE_IDENTIFIER = Mari.WordleTests;
				PRODUCT_NAME = "$(TARGET_NAME)";
				SWIFT_EMIT_LOC_STRINGS = NO;
				SWIFT_VERSION = 5.0;
				TARGETED_DEVICE_FAMILY = "1,2";
				TEST_HOST = "$(BUILT_PRODUCTS_DIR)/Wordle.app/$(BUNDLE_EXECUTABLE_FOLDER_PATH)/Wordle";
			};
			name = Release;
		};
		996B84D5299990AA00133037 /* Debug */ = {
			isa = XCBuildConfiguration;
			buildSettings = {
				ALWAYS_EMBED_SWIFT_STANDARD_LIBRARIES = YES;
				CODE_SIGN_STYLE = Automatic;
				CURRENT_PROJECT_VERSION = 1;
				GENERATE_INFOPLIST_FILE = YES;
				MARKETING_VERSION = 1.0;
				PRODUCT_BUNDLE_IDENTIFIER = Mari.WordleUITests;
				PRODUCT_NAME = "$(TARGET_NAME)";
				SWIFT_EMIT_LOC_STRINGS = NO;
				SWIFT_VERSION = 5.0;
				TARGETED_DEVICE_FAMILY = "1,2";
				TEST_TARGET_NAME = Wordle;
			};
			name = Debug;
		};
		996B84D6299990AA00133037 /* Release */ = {
			isa = XCBuildConfiguration;
			buildSettings = {
				ALWAYS_EMBED_SWIFT_STANDARD_LIBRARIES = YES;
				CODE_SIGN_STYLE = Automatic;
				CURRENT_PROJECT_VERSION = 1;
				GENERATE_INFOPLIST_FILE = YES;
				MARKETING_VERSION = 1.0;
				PRODUCT_BUNDLE_IDENTIFIER = Mari.WordleUITests;
				PRODUCT_NAME = "$(TARGET_NAME)";
				SWIFT_EMIT_LOC_STRINGS = NO;
				SWIFT_VERSION = 5.0;
				TARGETED_DEVICE_FAMILY = "1,2";
				TEST_TARGET_NAME = Wordle;
			};
			name = Release;
		};
/* End XCBuildConfiguration section */

/* Begin XCConfigurationList section */
		996B849F299990A900133037 /* Build configuration list for PBXProject "Wordle" */ = {
			isa = XCConfigurationList;
			buildConfigurations = (
				996B84CC299990AA00133037 /* Debug */,
				996B84CD299990AA00133037 /* Release */,
			);
			defaultConfigurationIsVisible = 0;
			defaultConfigurationName = Release;
		};
		996B84CE299990AA00133037 /* Build configuration list for PBXNativeTarget "Wordle" */ = {
			isa = XCConfigurationList;
			buildConfigurations = (
				996B84CF299990AA00133037 /* Debug */,
				996B84D0299990AA00133037 /* Release */,
			);
			defaultConfigurationIsVisible = 0;
			defaultConfigurationName = Release;
		};
		996B84D1299990AA00133037 /* Build configuration list for PBXNativeTarget "WordleTests" */ = {
			isa = XCConfigurationList;
			buildConfigurations = (
				996B84D2299990AA00133037 /* Debug */,
				996B84D3299990AA00133037 /* Release */,
			);
			defaultConfigurationIsVisible = 0;
			defaultConfigurationName = Release;
		};
		996B84D4299990AA00133037 /* Build configuration list for PBXNativeTarget "WordleUITests" */ = {
			isa = XCConfigurationList;
			buildConfigurations = (
				996B84D5299990AA00133037 /* Debug */,
				996B84D6299990AA00133037 /* Release */,
			);
			defaultConfigurationIsVisible = 0;
			defaultConfigurationName = Release;
		};
/* End XCConfigurationList section */
	};
	rootObject = 996B849C299990A900133037 /* Project object */;
}
